// !$*UTF8*$!
{
	archiveVersion = 1;
	classes = {
	};
	objectVersion = 50;
	objects = {

/* Begin PBXBuildFile section */
		3D982BE7219B281B00ADF552 /* AppDelegate.swift in Sources */ = {isa = PBXBuildFile; fileRef = 3D982BE6219B281B00ADF552 /* AppDelegate.swift */; };
		3D982BE9219B281B00ADF552 /* ViewController.swift in Sources */ = {isa = PBXBuildFile; fileRef = 3D982BE8219B281B00ADF552 /* ViewController.swift */; };
		3D982BEC219B281B00ADF552 /* Main.storyboard in Resources */ = {isa = PBXBuildFile; fileRef = 3D982BEA219B281B00ADF552 /* Main.storyboard */; };
		3D982BEE219B281C00ADF552 /* Assets.xcassets in Resources */ = {isa = PBXBuildFile; fileRef = 3D982BED219B281C00ADF552 /* Assets.xcassets */; };
		3D982BF1219B281C00ADF552 /* LaunchScreen.storyboard in Resources */ = {isa = PBXBuildFile; fileRef = 3D982BEF219B281C00ADF552 /* LaunchScreen.storyboard */; };
		3D982BFA219B299B00ADF552 /* MyCollectionViewCell.swift in Sources */ = {isa = PBXBuildFile; fileRef = 3D982BF8219B299B00ADF552 /* MyCollectionViewCell.swift */; };
		3D982BFB219B299B00ADF552 /* MyCollectionViewCell.xib in Resources */ = {isa = PBXBuildFile; fileRef = 3D982BF9219B299B00ADF552 /* MyCollectionViewCell.xib */; };
		3DFF2E50219B49CF001B007F /* PhotoInformationModel.swift in Sources */ = {isa = PBXBuildFile; fileRef = 3DFF2E4F219B49CF001B007F /* PhotoInformationModel.swift */; };
		90F332EE4556B05E32736198 /* Pods_PhotoGalleryWithDatabase.framework in Frameworks */ = {isa = PBXBuildFile; fileRef = C9031EDB0CF89A270D8FC556 /* Pods_PhotoGalleryWithDatabase.framework */; };
/* End PBXBuildFile section */

/* Begin PBXFileReference section */
		00DE4DC1ADE153D3C7077D43 /* Pods-PhotoGalleryWithDatabase.debug.xcconfig */ = {isa = PBXFileReference; includeInIndex = 1; lastKnownFileType = text.xcconfig; name = "Pods-PhotoGalleryWithDatabase.debug.xcconfig"; path = "Pods/Target Support Files/Pods-PhotoGalleryWithDatabase/Pods-PhotoGalleryWithDatabase.debug.xcconfig"; sourceTree = "<group>"; };
		3D982BE3219B281B00ADF552 /* PhotoGalleryWithDatabase.app */ = {isa = PBXFileReference; explicitFileType = wrapper.application; includeInIndex = 0; path = PhotoGalleryWithDatabase.app; sourceTree = BUILT_PRODUCTS_DIR; };
		3D982BE6219B281B00ADF552 /* AppDelegate.swift */ = {isa = PBXFileReference; lastKnownFileType = sourcecode.swift; path = AppDelegate.swift; sourceTree = "<group>"; };
		3D982BE8219B281B00ADF552 /* ViewController.swift */ = {isa = PBXFileReference; lastKnownFileType = sourcecode.swift; path = ViewController.swift; sourceTree = "<group>"; };
		3D982BEB219B281B00ADF552 /* Base */ = {isa = PBXFileReference; lastKnownFileType = file.storyboard; name = Base; path = Base.lproj/Main.storyboard; sourceTree = "<group>"; };
		3D982BED219B281C00ADF552 /* Assets.xcassets */ = {isa = PBXFileReference; lastKnownFileType = folder.assetcatalog; path = Assets.xcassets; sourceTree = "<group>"; };
		3D982BF0219B281C00ADF552 /* Base */ = {isa = PBXFileReference; lastKnownFileType = file.storyboard; name = Base; path = Base.lproj/LaunchScreen.storyboard; sourceTree = "<group>"; };
		3D982BF2219B281C00ADF552 /* Info.plist */ = {isa = PBXFileReference; lastKnownFileType = text.plist.xml; path = Info.plist; sourceTree = "<group>"; };
		3D982BF8219B299B00ADF552 /* MyCollectionViewCell.swift */ = {isa = PBXFileReference; lastKnownFileType = sourcecode.swift; path = MyCollectionViewCell.swift; sourceTree = "<group>"; };
		3D982BF9219B299B00ADF552 /* MyCollectionViewCell.xib */ = {isa = PBXFileReference; lastKnownFileType = file.xib; path = MyCollectionViewCell.xib; sourceTree = "<group>"; };
		3DFF2E4F219B49CF001B007F /* PhotoInformationModel.swift */ = {isa = PBXFileReference; lastKnownFileType = sourcecode.swift; path = PhotoInformationModel.swift; sourceTree = "<group>"; };
		7584C88498514E7CB2C6141B /* Pods-PhotoGalleryWithDatabase.release.xcconfig */ = {isa = PBXFileReference; includeInIndex = 1; lastKnownFileType = text.xcconfig; name = "Pods-PhotoGalleryWithDatabase.release.xcconfig"; path = "Pods/Target Support Files/Pods-PhotoGalleryWithDatabase/Pods-PhotoGalleryWithDatabase.release.xcconfig"; sourceTree = "<group>"; };
		C9031EDB0CF89A270D8FC556 /* Pods_PhotoGalleryWithDatabase.framework */ = {isa = PBXFileReference; explicitFileType = wrapper.framework; includeInIndex = 0; path = Pods_PhotoGalleryWithDatabase.framework; sourceTree = BUILT_PRODUCTS_DIR; };
/* End PBXFileReference section */

/* Begin PBXFrameworksBuildPhase section */
		3D982BE0219B281B00ADF552 /* Frameworks */ = {
			isa = PBXFrameworksBuildPhase;
			buildActionMask = 2147483647;
			files = (
				90F332EE4556B05E32736198 /* Pods_PhotoGalleryWithDatabase.framework in Frameworks */,
			);
			runOnlyForDeploymentPostprocessing = 0;
		};
/* End PBXFrameworksBuildPhase section */

/* Begin PBXGroup section */
		3D982BDA219B281B00ADF552 = {
			isa = PBXGroup;
			children = (
				3D982BE5219B281B00ADF552 /* PhotoGalleryWithDatabase */,
				3D982BE4219B281B00ADF552 /* Products */,
				491F17F4DDE72EF56F455B46 /* Pods */,
				9F8C9D5061FB5EEDFDADBB3F /* Frameworks */,
			);
			sourceTree = "<group>";
		};
		3D982BE4219B281B00ADF552 /* Products */ = {
			isa = PBXGroup;
			children = (
				3D982BE3219B281B00ADF552 /* PhotoGalleryWithDatabase.app */,
			);
			name = Products;
			sourceTree = "<group>";
		};
		3D982BE5219B281B00ADF552 /* PhotoGalleryWithDatabase */ = {
			isa = PBXGroup;
			children = (
				3D982BE6219B281B00ADF552 /* AppDelegate.swift */,
				3D982BE8219B281B00ADF552 /* ViewController.swift */,
				3DFF2E4F219B49CF001B007F /* PhotoInformationModel.swift */,
				3D982BEA219B281B00ADF552 /* Main.storyboard */,
				3D982BF8219B299B00ADF552 /* MyCollectionViewCell.swift */,
				3D982BF9219B299B00ADF552 /* MyCollectionViewCell.xib */,
				3D982BED219B281C00ADF552 /* Assets.xcassets */,
				3D982BEF219B281C00ADF552 /* LaunchScreen.storyboard */,
				3D982BF2219B281C00ADF552 /* Info.plist */,
			);
			path = PhotoGalleryWithDatabase;
			sourceTree = "<group>";
		};
		491F17F4DDE72EF56F455B46 /* Pods */ = {
			isa = PBXGroup;
			children = (
				00DE4DC1ADE153D3C7077D43 /* Pods-PhotoGalleryWithDatabase.debug.xcconfig */,
				7584C88498514E7CB2C6141B /* Pods-PhotoGalleryWithDatabase.release.xcconfig */,
			);
			name = Pods;
			sourceTree = "<group>";
		};
		9F8C9D5061FB5EEDFDADBB3F /* Frameworks */ = {
			isa = PBXGroup;
			children = (
				C9031EDB0CF89A270D8FC556 /* Pods_PhotoGalleryWithDatabase.framework */,
			);
			name = Frameworks;
			sourceTree = "<group>";
		};
/* End PBXGroup section */

/* Begin PBXNativeTarget section */
		3D982BE2219B281B00ADF552 /* PhotoGalleryWithDatabase */ = {
			isa = PBXNativeTarget;
			buildConfigurationList = 3D982BF5219B281C00ADF552 /* Build configuration list for PBXNativeTarget "PhotoGalleryWithDatabase" */;
			buildPhases = (
				30F137179978E4AEF421421A /* [CP] Check Pods Manifest.lock */,
				3D982BDF219B281B00ADF552 /* Sources */,
				3D982BE0219B281B00ADF552 /* Frameworks */,
				3D982BE1219B281B00ADF552 /* Resources */,
				7DD58A50C6682C7D151CA1C4 /* [CP] Embed Pods Frameworks */,
			);
			buildRules = (
			);
			dependencies = (
			);
			name = PhotoGalleryWithDatabase;
			productName = PhotoGalleryWithDatabase;
			productReference = 3D982BE3219B281B00ADF552 /* PhotoGalleryWithDatabase.app */;
			productType = "com.apple.product-type.application";
		};
/* End PBXNativeTarget section */

/* Begin PBXProject section */
		3D982BDB219B281B00ADF552 /* Project object */ = {
			isa = PBXProject;
			attributes = {
				LastSwiftUpdateCheck = 0940;
				LastUpgradeCheck = 0940;
				ORGANIZATIONNAME = "Lonely Tree Std";
				TargetAttributes = {
					3D982BE2219B281B00ADF552 = {
						CreatedOnToolsVersion = 9.4.1;
					};
				};
			};
			buildConfigurationList = 3D982BDE219B281B00ADF552 /* Build configuration list for PBXProject "PhotoGalleryWithDatabase" */;
			compatibilityVersion = "Xcode 9.3";
			developmentRegion = en;
			hasScannedForEncodings = 0;
			knownRegions = (
				en,
				Base,
			);
			mainGroup = 3D982BDA219B281B00ADF552;
			productRefGroup = 3D982BE4219B281B00ADF552 /* Products */;
			projectDirPath = "";
			projectRoot = "";
			targets = (
				3D982BE2219B281B00ADF552 /* PhotoGalleryWithDatabase */,
			);
		};
/* End PBXProject section */

/* Begin PBXResourcesBuildPhase section */
		3D982BE1219B281B00ADF552 /* Resources */ = {
			isa = PBXResourcesBuildPhase;
			buildActionMask = 2147483647;
			files = (
				3D982BF1219B281C00ADF552 /* LaunchScreen.storyboard in Resources */,
				3D982BEE219B281C00ADF552 /* Assets.xcassets in Resources */,
				3D982BFB219B299B00ADF552 /* MyCollectionViewCell.xib in Resources */,
				3D982BEC219B281B00ADF552 /* Main.storyboard in Resources */,
			);
			runOnlyForDeploymentPostprocessing = 0;
		};
/* End PBXResourcesBuildPhase section */

/* Begin PBXShellScriptBuildPhase section */
		30F137179978E4AEF421421A /* [CP] Check Pods Manifest.lock */ = {
			isa = PBXShellScriptBuildPhase;
			buildActionMask = 2147483647;
			files = (
			);
			inputPaths = (
				"${PODS_PODFILE_DIR_PATH}/Podfile.lock",
				"${PODS_ROOT}/Manifest.lock",
			);
			name = "[CP] Check Pods Manifest.lock";
			outputPaths = (
				"$(DERIVED_FILE_DIR)/Pods-PhotoGalleryWithDatabase-checkManifestLockResult.txt",
			);
			runOnlyForDeploymentPostprocessing = 0;
			shellPath = /bin/sh;
			shellScript = "diff \"${PODS_PODFILE_DIR_PATH}/Podfile.lock\" \"${PODS_ROOT}/Manifest.lock\" > /dev/null\nif [ $? != 0 ] ; then\n    # print error to STDERR\n    echo \"error: The sandbox is not in sync with the Podfile.lock. Run 'pod install' or update your CocoaPods installation.\" >&2\n    exit 1\nfi\n# This output is used by Xcode 'outputs' to avoid re-running this script phase.\necho \"SUCCESS\" > \"${SCRIPT_OUTPUT_FILE_0}\"\n";
			showEnvVarsInLog = 0;
		};
		7DD58A50C6682C7D151CA1C4 /* [CP] Embed Pods Frameworks */ = {
			isa = PBXShellScriptBuildPhase;
			buildActionMask = 2147483647;
			files = (
			);
			inputPaths = (
				"${SRCROOT}/Pods/Target Support Files/Pods-PhotoGalleryWithDatabase/Pods-PhotoGalleryWithDatabase-frameworks.sh",
				"${BUILT_PRODUCTS_DIR}/Realm/Realm.framework",
				"${BUILT_PRODUCTS_DIR}/RealmSwift/RealmSwift.framework",
			);
			name = "[CP] Embed Pods Frameworks";
			outputPaths = (
				"${TARGET_BUILD_DIR}/${FRAMEWORKS_FOLDER_PATH}/Realm.framework",
				"${TARGET_BUILD_DIR}/${FRAMEWORKS_FOLDER_PATH}/RealmSwift.framework",
			);
			runOnlyForDeploymentPostprocessing = 0;
			shellPath = /bin/sh;
			shellScript = "\"${SRCROOT}/Pods/Target Support Files/Pods-PhotoGalleryWithDatabase/Pods-PhotoGalleryWithDatabase-frameworks.sh\"\n";
			showEnvVarsInLog = 0;
		};
/* End PBXShellScriptBuildPhase section */

/* Begin PBXSourcesBuildPhase section */
		3D982BDF219B281B00ADF552 /* Sources */ = {
			isa = PBXSourcesBuildPhase;
			buildActionMask = 2147483647;
			files = (
				3D982BE9219B281B00ADF552 /* ViewController.swift in Sources */,
				3D982BE7219B281B00ADF552 /* AppDelegate.swift in Sources */,
				3D982BFA219B299B00ADF552 /* MyCollectionViewCell.swift in Sources */,
				3DFF2E50219B49CF001B007F /* PhotoInformationModel.swift in Sources */,
			);
			runOnlyForDeploymentPostprocessing = 0;
		};
/* End PBXSourcesBuildPhase section */

/* Begin PBXVariantGroup section */
		3D982BEA219B281B00ADF552 /* Main.storyboard */ = {
			isa = PBXVariantGroup;
			children = (
				3D982BEB219B281B00ADF552 /* Base */,
			);
			name = Main.storyboard;
			sourceTree = "<group>";
		};
		3D982BEF219B281C00ADF552 /* LaunchScreen.storyboard */ = {
			isa = PBXVariantGroup;
			children = (
				3D982BF0219B281C00ADF552 /* Base */,
			);
			name = LaunchScreen.storyboard;
			sourceTree = "<group>";
		};
/* End PBXVariantGroup section */

/* Begin XCBuildConfiguration section */
		3D982BF3219B281C00ADF552 /* Debug */ = {
			isa = XCBuildConfiguration;
			buildSettings = {
				ALWAYS_SEARCH_USER_PATHS = NO;
				CLANG_ANALYZER_NONNULL = YES;
				CLANG_ANALYZER_NUMBER_OBJECT_CONVERSION = YES_AGGRESSIVE;
				CLANG_CXX_LANGUAGE_STANDARD = "gnu++14";
				CLANG_CXX_LIBRARY = "libc++";
				CLANG_ENABLE_MODULES = YES;
				CLANG_ENABLE_OBJC_ARC = YES;
				CLANG_ENABLE_OBJC_WEAK = YES;
				CLANG_WARN_BLOCK_CAPTURE_AUTORELEASING = YES;
				CLANG_WARN_BOOL_CONVERSION = YES;
				CLANG_WARN_COMMA = YES;
				CLANG_WARN_CONSTANT_CONVERSION = YES;
				CLANG_WARN_DEPRECATED_OBJC_IMPLEMENTATIONS = YES;
				CLANG_WARN_DIRECT_OBJC_ISA_USAGE = YES_ERROR;
				CLANG_WARN_DOCUMENTATION_COMMENTS = YES;
				CLANG_WARN_EMPTY_BODY = YES;
				CLANG_WARN_ENUM_CONVERSION = YES;
				CLANG_WARN_INFINITE_RECURSION = YES;
				CLANG_WARN_INT_CONVERSION = YES;
				CLANG_WARN_NON_LITERAL_NULL_CONVERSION = YES;
				CLANG_WARN_OBJC_IMPLICIT_RETAIN_SELF = YES;
				CLANG_WARN_OBJC_LITERAL_CONVERSION = YES;
				CLANG_WARN_OBJC_ROOT_CLASS = YES_ERROR;
				CLANG_WARN_RANGE_LOOP_ANALYSIS = YES;
				CLANG_WARN_STRICT_PROTOTYPES = YES;
				CLANG_WARN_SUSPICIOUS_MOVE = YES;
				CLANG_WARN_UNGUARDED_AVAILABILITY = YES_AGGRESSIVE;
				CLANG_WARN_UNREACHABLE_CODE = YES;
				CLANG_WARN__DUPLICATE_METHOD_MATCH = YES;
				CODE_SIGN_IDENTITY = "iPhone Developer";
				COPY_PHASE_STRIP = NO;
				DEBUG_INFORMATION_FORMAT = dwarf;
				ENABLE_STRICT_OBJC_MSGSEND = YES;
				ENABLE_TESTABILITY = YES;
				GCC_C_LANGUAGE_STANDARD = gnu11;
				GCC_DYNAMIC_NO_PIC = NO;
				GCC_NO_COMMON_BLOCKS = YES;
				GCC_OPTIMIZATION_LEVEL = 0;
				GCC_PREPROCESSOR_DEFINITIONS = (
					"DEBUG=1",
					"$(inherited)",
				);
				GCC_WARN_64_TO_32_BIT_CONVERSION = YES;
				GCC_WARN_ABOUT_RETURN_TYPE = YES_ERROR;
				GCC_WARN_UNDECLARED_SELECTOR = YES;
				GCC_WARN_UNINITIALIZED_AUTOS = YES_AGGRESSIVE;
				GCC_WARN_UNUSED_FUNCTION = YES;
				GCC_WARN_UNUSED_VARIABLE = YES;
				IPHONEOS_DEPLOYMENT_TARGET = 11.4;
				MTL_ENABLE_DEBUG_INFO = YES;
				ONLY_ACTIVE_ARCH = YES;
				SDKROOT = iphoneos;
				SWIFT_ACTIVE_COMPILATION_CONDITIONS = DEBUG;
				SWIFT_OPTIMIZATION_LEVEL = "-Onone";
			};
			name = Debug;
		};
		3D982BF4219B281C00ADF552 /* Release */ = {
			isa = XCBuildConfiguration;
			buildSettings = {
				ALWAYS_SEARCH_USER_PATHS = NO;
				CLANG_ANALYZER_NONNULL = YES;
				CLANG_ANALYZER_NUMBER_OBJECT_CONVERSION = YES_AGGRESSIVE;
				CLANG_CXX_LANGUAGE_STANDARD = "gnu++14";
				CLANG_CXX_LIBRARY = "libc++";
				CLANG_ENABLE_MODULES = YES;
				CLANG_ENABLE_OBJC_ARC = YES;
				CLANG_ENABLE_OBJC_WEAK = YES;
				CLANG_WARN_BLOCK_CAPTURE_AUTORELEASING = YES;
				CLANG_WARN_BOOL_CONVERSION = YES;
				CLANG_WARN_COMMA = YES;
				CLANG_WARN_CONSTANT_CONVERSION = YES;
				CLANG_WARN_DEPRECATED_OBJC_IMPLEMENTATIONS = YES;
				CLANG_WARN_DIRECT_OBJC_ISA_USAGE = YES_ERROR;
				CLANG_WARN_DOCUMENTATION_COMMENTS = YES;
				CLANG_WARN_EMPTY_BODY = YES;
				CLANG_WARN_ENUM_CONVERSION = YES;
				CLANG_WARN_INFINITE_RECURSION = YES;
				CLANG_WARN_INT_CONVERSION = YES;
				CLANG_WARN_NON_LITERAL_NULL_CONVERSION = YES;
				CLANG_WARN_OBJC_IMPLICIT_RETAIN_SELF = YES;
				CLANG_WARN_OBJC_LITERAL_CONVERSION = YES;
				CLANG_WARN_OBJC_ROOT_CLASS = YES_ERROR;
				CLANG_WARN_RANGE_LOOP_ANALYSIS = YES;
				CLANG_WARN_STRICT_PROTOTYPES = YES;
				CLANG_WARN_SUSPICIOUS_MOVE = YES;
				CLANG_WARN_UNGUARDED_AVAILABILITY = YES_AGGRESSIVE;
				CLANG_WARN_UNREACHABLE_CODE = YES;
				CLANG_WARN__DUPLICATE_METHOD_MATCH = YES;
				CODE_SIGN_IDENTITY = "iPhone Developer";
				COPY_PHASE_STRIP = NO;
				DEBUG_INFORMATION_FORMAT = "dwarf-with-dsym";
				ENABLE_NS_ASSERTIONS = NO;
				ENABLE_STRICT_OBJC_MSGSEND = YES;
				GCC_C_LANGUAGE_STANDARD = gnu11;
				GCC_NO_COMMON_BLOCKS = YES;
				GCC_WARN_64_TO_32_BIT_CONVERSION = YES;
				GCC_WARN_ABOUT_RETURN_TYPE = YES_ERROR;
				GCC_WARN_UNDECLARED_SELECTOR = YES;
				GCC_WARN_UNINITIALIZED_AUTOS = YES_AGGRESSIVE;
				GCC_WARN_UNUSED_FUNCTION = YES;
				GCC_WARN_UNUSED_VARIABLE = YES;
				IPHONEOS_DEPLOYMENT_TARGET = 11.4;
				MTL_ENABLE_DEBUG_INFO = NO;
				SDKROOT = iphoneos;
				SWIFT_COMPILATION_MODE = wholemodule;
				SWIFT_OPTIMIZATION_LEVEL = "-O";
				VALIDATE_PRODUCT = YES;
			};
			name = Release;
		};
		3D982BF6219B281C00ADF552 /* Debug */ = {
			isa = XCBuildConfiguration;
			baseConfigurationReference = 00DE4DC1ADE153D3C7077D43 /* Pods-PhotoGalleryWithDatabase.debug.xcconfig */;
			buildSettings = {
				ASSETCATALOG_COMPILER_APPICON_NAME = AppIcon;
				CODE_SIGN_STYLE = Automatic;
				DEVELOPMENT_TEAM = RRULVPPFF3;
				INFOPLIST_FILE = PhotoGalleryWithDatabase/Info.plist;
				LD_RUNPATH_SEARCH_PATHS = (
					"$(inherited)",
					"@executable_path/Frameworks",
				);
				PRODUCT_BUNDLE_IDENTIFIER = com.LonelyTreeStd.PhotoGalleryWithDatabase;
				PRODUCT_NAME = "$(TARGET_NAME)";
				SWIFT_VERSION = 4.0;
				TARGETED_DEVICE_FAMILY = "1,2";
			};
			name = Debug;
		};
		3D982BF7219B281C00ADF552 /* Release */ = {
			isa = XCBuildConfiguration;
			baseConfigurationReference = 7584C88498514E7CB2C6141B /* Pods-PhotoGalleryWithDatabase.release.xcconfig */;
			buildSettings = {
				ASSETCATALOG_COMPILER_APPICON_NAME = AppIcon;
				CODE_SIGN_STYLE = Automatic;
				DEVELOPMENT_TEAM = RRULVPPFF3;
				INFOPLIST_FILE = PhotoGalleryWithDatabase/Info.plist;
				LD_RUNPATH_SEARCH_PATHS = (
					"$(inherited)",
					"@executable_path/Frameworks",
				);
				PRODUCT_BUNDLE_IDENTIFIER = com.LonelyTreeStd.PhotoGalleryWithDatabase;
				PRODUCT_NAME = "$(TARGET_NAME)";
				SWIFT_VERSION = 4.0;
				TARGETED_DEVICE_FAMILY = "1,2";
			};
			name = Release;
		};
/* End XCBuildConfiguration section */

/* Begin XCConfigurationList section */
		3D982BDE219B281B00ADF552 /* Build configuration list for PBXProject "PhotoGalleryWithDatabase" */ = {
			isa = XCConfigurationList;
			buildConfigurations = (
				3D982BF3219B281C00ADF552 /* Debug */,
				3D982BF4219B281C00ADF552 /* Release */,
			);
			defaultConfigurationIsVisible = 0;
			defaultConfigurationName = Release;
		};
		3D982BF5219B281C00ADF552 /* Build configuration list for PBXNativeTarget "PhotoGalleryWithDatabase" */ = {
			isa = XCConfigurationList;
			buildConfigurations = (
				3D982BF6219B281C00ADF552 /* Debug */,
				3D982BF7219B281C00ADF552 /* Release */,
			);
			defaultConfigurationIsVisible = 0;
			defaultConfigurationName = Release;
		};
/* End XCConfigurationList section */
	};
	rootObject = 3D982BDB219B281B00ADF552 /* Project object */;
}
